
Microsoft Visual Studio Solution File, Format Version 12.00
# Visual Studio Version 17
VisualStudioVersion = 17.5.002.0
MinimumVisualStudioVersion = 10.0.40219.1
Project("{9A19103F-16F7-4668-BE54-9A1E7A4F7556}") = "SongApiLb", "SongApiLb\SongApiLb.csproj", "{796A05E1-DADC-46E9-8DDD-7E5C57C46DAD}"
EndProject
Global
	GlobalSection(SolutionConfigurationPlatforms) = preSolution
		Debug|Any CPU = Debug|Any CPU
		Release|Any CPU = Release|Any CPU
	EndGlobalSection
	GlobalSection(ProjectConfigurationPlatforms) = postSolution
		{796A05E1-DADC-46E9-8DDD-7E5C57C46DAD}.Debug|Any CPU.ActiveCfg = Debug|Any CPU
		{796A05E1-DADC-46E9-8DDD-7E5C57C46DAD}.Debug|Any CPU.Build.0 = Debug|Any CPU
		{796A05E1-DADC-46E9-8DDD-7E5C57C46DAD}.Release|Any CPU.ActiveCfg = Release|Any CPU
		{796A05E1-DADC-46E9-8DDD-7E5C57C46DAD}.Release|Any CPU.Build.0 = Release|Any CPU
	EndGlobalSection
	GlobalSection(SolutionProperties) = preSolution
		HideSolutionNode = FALSE
	EndGlobalSection
	GlobalSection(ExtensibilityGlobals) = postSolution
		SolutionGuid = {76B806A1-8CB7-4F2B-8652-8D6CD85DD624}
	EndGlobalSection
EndGlobal
